// !$*UTF8*$!
{
	archiveVersion = 1;
	classes = {
	};
	objectVersion = 46;
	objects = {

/* Begin PBXBuildFile section */
		D3AEE4F7985487F754D24B30 /* Pods_BikeGarage.framework in Frameworks */ = {isa = PBXBuildFile; fileRef = 7BE5090DB3376A52C2AB06AD /* Pods_BikeGarage.framework */; };
		F3279EAD1F05DC88006E4F35 /* AppDelegate.swift in Sources */ = {isa = PBXBuildFile; fileRef = F3279EAC1F05DC88006E4F35 /* AppDelegate.swift */; };
		F3279EAF1F05DC88006E4F35 /* LogInViewController.swift in Sources */ = {isa = PBXBuildFile; fileRef = F3279EAE1F05DC88006E4F35 /* LogInViewController.swift */; };
		F3279EB41F05DC88006E4F35 /* Assets.xcassets in Resources */ = {isa = PBXBuildFile; fileRef = F3279EB31F05DC88006E4F35 /* Assets.xcassets */; };
		F3279EB71F05DC88006E4F35 /* LaunchScreen.storyboard in Resources */ = {isa = PBXBuildFile; fileRef = F3279EB51F05DC88006E4F35 /* LaunchScreen.storyboard */; };
		F3279EBF1F05DCD3006E4F35 /* GoogleService-Info.plist in Resources */ = {isa = PBXBuildFile; fileRef = F3279EBE1F05DCD3006E4F35 /* GoogleService-Info.plist */; };
		F33662C21F0DC3130007C898 /* BikeViewController.swift in Sources */ = {isa = PBXBuildFile; fileRef = F33662C11F0DC3130007C898 /* BikeViewController.swift */; };
		F33662C51F17C8370007C898 /* Main.storyboard in Resources */ = {isa = PBXBuildFile; fileRef = F33662C31F17C8370007C898 /* Main.storyboard */; };
		F33662C91F1E5D5D0007C898 /* AccountViewController.swift in Sources */ = {isa = PBXBuildFile; fileRef = F33662C81F1E5D5D0007C898 /* AccountViewController.swift */; };
		F33662CB1F1E60490007C898 /* MileageViewController.swift in Sources */ = {isa = PBXBuildFile; fileRef = F33662CA1F1E60490007C898 /* MileageViewController.swift */; };
		F33BA8BB1F069C030037D24A /* SignUpViewController.swift in Sources */ = {isa = PBXBuildFile; fileRef = F33BA8BA1F069C030037D24A /* SignUpViewController.swift */; };
		F33BA8BE1F069C8D0037D24A /* User.swift in Sources */ = {isa = PBXBuildFile; fileRef = F33BA8BD1F069C8D0037D24A /* User.swift */; };
		F33BA8C11F06A5860037D24A /* HomeViewController.swift in Sources */ = {isa = PBXBuildFile; fileRef = F33BA8C01F06A5860037D24A /* HomeViewController.swift */; };
		F33BA8C31F06A5B80037D24A /* CreateUserViewController.swift in Sources */ = {isa = PBXBuildFile; fileRef = F33BA8C21F06A5B80037D24A /* CreateUserViewController.swift */; };
		F33BA8C51F0730630037D24A /* MenuViewController.swift in Sources */ = {isa = PBXBuildFile; fileRef = F33BA8C41F0730630037D24A /* MenuViewController.swift */; };
		F33BA8E81F0DB8FA0037D24A /* hamburgerIcon.png in Resources */ = {isa = PBXBuildFile; fileRef = F33BA8E71F0DB8FA0037D24A /* hamburgerIcon.png */; };
		F3B279C71F1FABBD00B6F936 /* EditAccountViewController.swift in Sources */ = {isa = PBXBuildFile; fileRef = F3B279C61F1FABBD00B6F936 /* EditAccountViewController.swift */; };
		F3B279C91F1FBFF600B6F936 /* ChangePasswordViewController.swift in Sources */ = {isa = PBXBuildFile; fileRef = F3B279C81F1FBFF600B6F936 /* ChangePasswordViewController.swift */; };
/* End PBXBuildFile section */

/* Begin PBXFileReference section */
		7BE5090DB3376A52C2AB06AD /* Pods_BikeGarage.framework */ = {isa = PBXFileReference; explicitFileType = wrapper.framework; includeInIndex = 0; path = Pods_BikeGarage.framework; sourceTree = BUILT_PRODUCTS_DIR; };
		BD4C1BED26EAE35DFD485E3E /* Pods-BikeGarage.release.xcconfig */ = {isa = PBXFileReference; includeInIndex = 1; lastKnownFileType = text.xcconfig; name = "Pods-BikeGarage.release.xcconfig"; path = "Pods/Target Support Files/Pods-BikeGarage/Pods-BikeGarage.release.xcconfig"; sourceTree = "<group>"; };
		ECF87E41FCF4D43B5D1A7A81 /* Pods-BikeGarage.debug.xcconfig */ = {isa = PBXFileReference; includeInIndex = 1; lastKnownFileType = text.xcconfig; name = "Pods-BikeGarage.debug.xcconfig"; path = "Pods/Target Support Files/Pods-BikeGarage/Pods-BikeGarage.debug.xcconfig"; sourceTree = "<group>"; };
		F3279EA91F05DC88006E4F35 /* BikeGarage.app */ = {isa = PBXFileReference; explicitFileType = wrapper.application; includeInIndex = 0; path = BikeGarage.app; sourceTree = BUILT_PRODUCTS_DIR; };
		F3279EAC1F05DC88006E4F35 /* AppDelegate.swift */ = {isa = PBXFileReference; lastKnownFileType = sourcecode.swift; path = AppDelegate.swift; sourceTree = "<group>"; };
		F3279EAE1F05DC88006E4F35 /* LogInViewController.swift */ = {isa = PBXFileReference; lastKnownFileType = sourcecode.swift; path = LogInViewController.swift; sourceTree = "<group>"; };
		F3279EB31F05DC88006E4F35 /* Assets.xcassets */ = {isa = PBXFileReference; lastKnownFileType = folder.assetcatalog; path = Assets.xcassets; sourceTree = "<group>"; };
		F3279EB61F05DC88006E4F35 /* Base */ = {isa = PBXFileReference; lastKnownFileType = file.storyboard; name = Base; path = Base.lproj/LaunchScreen.storyboard; sourceTree = "<group>"; };
		F3279EB81F05DC88006E4F35 /* Info.plist */ = {isa = PBXFileReference; lastKnownFileType = text.plist.xml; path = Info.plist; sourceTree = "<group>"; };
		F3279EBE1F05DCD3006E4F35 /* GoogleService-Info.plist */ = {isa = PBXFileReference; fileEncoding = 4; lastKnownFileType = text.plist.xml; path = "GoogleService-Info.plist"; sourceTree = "<group>"; };
		F33662C11F0DC3130007C898 /* BikeViewController.swift */ = {isa = PBXFileReference; fileEncoding = 4; lastKnownFileType = sourcecode.swift; path = BikeViewController.swift; sourceTree = "<group>"; };
		F33662C41F17C8370007C898 /* Base */ = {isa = PBXFileReference; lastKnownFileType = file.storyboard; name = Base; path = Base.lproj/Main.storyboard; sourceTree = "<group>"; };
		F33662C81F1E5D5D0007C898 /* AccountViewController.swift */ = {isa = PBXFileReference; fileEncoding = 4; lastKnownFileType = sourcecode.swift; path = AccountViewController.swift; sourceTree = "<group>"; };
		F33662CA1F1E60490007C898 /* MileageViewController.swift */ = {isa = PBXFileReference; fileEncoding = 4; lastKnownFileType = sourcecode.swift; path = MileageViewController.swift; sourceTree = "<group>"; };
		F33BA8BA1F069C030037D24A /* SignUpViewController.swift */ = {isa = PBXFileReference; fileEncoding = 4; lastKnownFileType = sourcecode.swift; path = SignUpViewController.swift; sourceTree = "<group>"; };
		F33BA8BD1F069C8D0037D24A /* User.swift */ = {isa = PBXFileReference; fileEncoding = 4; lastKnownFileType = sourcecode.swift; path = User.swift; sourceTree = "<group>"; };
		F33BA8C01F06A5860037D24A /* HomeViewController.swift */ = {isa = PBXFileReference; fileEncoding = 4; lastKnownFileType = sourcecode.swift; path = HomeViewController.swift; sourceTree = "<group>"; };
		F33BA8C21F06A5B80037D24A /* CreateUserViewController.swift */ = {isa = PBXFileReference; fileEncoding = 4; lastKnownFileType = sourcecode.swift; path = CreateUserViewController.swift; sourceTree = "<group>"; };
		F33BA8C41F0730630037D24A /* MenuViewController.swift */ = {isa = PBXFileReference; fileEncoding = 4; lastKnownFileType = sourcecode.swift; path = MenuViewController.swift; sourceTree = "<group>"; };
		F33BA8E71F0DB8FA0037D24A /* hamburgerIcon.png */ = {isa = PBXFileReference; lastKnownFileType = image.png; path = hamburgerIcon.png; sourceTree = "<group>"; };
		F3B279C61F1FABBD00B6F936 /* EditAccountViewController.swift */ = {isa = PBXFileReference; fileEncoding = 4; lastKnownFileType = sourcecode.swift; path = EditAccountViewController.swift; sourceTree = "<group>"; };
		F3B279C81F1FBFF600B6F936 /* ChangePasswordViewController.swift */ = {isa = PBXFileReference; fileEncoding = 4; lastKnownFileType = sourcecode.swift; path = ChangePasswordViewController.swift; sourceTree = "<group>"; };
/* End PBXFileReference section */

/* Begin PBXFrameworksBuildPhase section */
		F3279EA61F05DC88006E4F35 /* Frameworks */ = {
			isa = PBXFrameworksBuildPhase;
			buildActionMask = 2147483647;
			files = (
				D3AEE4F7985487F754D24B30 /* Pods_BikeGarage.framework in Frameworks */,
			);
			runOnlyForDeploymentPostprocessing = 0;
		};
/* End PBXFrameworksBuildPhase section */

/* Begin PBXGroup section */
		424BEEF2CBD38F869A189621 /* Pods */ = {
			isa = PBXGroup;
			children = (
				ECF87E41FCF4D43B5D1A7A81 /* Pods-BikeGarage.debug.xcconfig */,
				BD4C1BED26EAE35DFD485E3E /* Pods-BikeGarage.release.xcconfig */,
			);
			name = Pods;
			sourceTree = "<group>";
		};
		B39DAF0541F52002546E70BF /* Frameworks */ = {
			isa = PBXGroup;
			children = (
				7BE5090DB3376A52C2AB06AD /* Pods_BikeGarage.framework */,
			);
			name = Frameworks;
			sourceTree = "<group>";
		};
		F3279EA01F05DC88006E4F35 = {
			isa = PBXGroup;
			children = (
				F3279EAB1F05DC88006E4F35 /* BikeGarage */,
				F3279EAA1F05DC88006E4F35 /* Products */,
				424BEEF2CBD38F869A189621 /* Pods */,
				B39DAF0541F52002546E70BF /* Frameworks */,
			);
			sourceTree = "<group>";
		};
		F3279EAA1F05DC88006E4F35 /* Products */ = {
			isa = PBXGroup;
			children = (
				F3279EA91F05DC88006E4F35 /* BikeGarage.app */,
			);
			name = Products;
			sourceTree = "<group>";
		};
		F3279EAB1F05DC88006E4F35 /* BikeGarage */ = {
			isa = PBXGroup;
			children = (
				F33BA8E61F0DB8200037D24A /* Images */,
				F33BA8BC1F069C420037D24A /* ViewControllers */,
				F33BA8BF1F069D0D0037D24A /* Models */,
				F3279EAC1F05DC88006E4F35 /* AppDelegate.swift */,
				F33662C31F17C8370007C898 /* Main.storyboard */,
				F3279EB31F05DC88006E4F35 /* Assets.xcassets */,
				F3279EB51F05DC88006E4F35 /* LaunchScreen.storyboard */,
				F3279EB81F05DC88006E4F35 /* Info.plist */,
				F3279EBE1F05DCD3006E4F35 /* GoogleService-Info.plist */,
			);
			path = BikeGarage;
			sourceTree = "<group>";
		};
		F33BA8BC1F069C420037D24A /* ViewControllers */ = {
			isa = PBXGroup;
			children = (
				F3279EAE1F05DC88006E4F35 /* LogInViewController.swift */,
				F33BA8BA1F069C030037D24A /* SignUpViewController.swift */,
				F33BA8C01F06A5860037D24A /* HomeViewController.swift */,
				F33BA8C21F06A5B80037D24A /* CreateUserViewController.swift */,
				F33BA8C41F0730630037D24A /* MenuViewController.swift */,
				F33662C11F0DC3130007C898 /* BikeViewController.swift */,
				F33662CA1F1E60490007C898 /* MileageViewController.swift */,
				F33662C81F1E5D5D0007C898 /* AccountViewController.swift */,
				F3B279C61F1FABBD00B6F936 /* EditAccountViewController.swift */,
				F3B279C81F1FBFF600B6F936 /* ChangePasswordViewController.swift */,
			);
			name = ViewControllers;
			sourceTree = "<group>";
		};
		F33BA8BF1F069D0D0037D24A /* Models */ = {
			isa = PBXGroup;
			children = (
				F33BA8BD1F069C8D0037D24A /* User.swift */,
			);
			name = Models;
			sourceTree = "<group>";
		};
		F33BA8E61F0DB8200037D24A /* Images */ = {
			isa = PBXGroup;
			children = (
				F33BA8E71F0DB8FA0037D24A /* hamburgerIcon.png */,
			);
			name = Images;
			sourceTree = "<group>";
		};
/* End PBXGroup section */

/* Begin PBXNativeTarget section */
		F3279EA81F05DC88006E4F35 /* BikeGarage */ = {
			isa = PBXNativeTarget;
			buildConfigurationList = F3279EBB1F05DC88006E4F35 /* Build configuration list for PBXNativeTarget "BikeGarage" */;
			buildPhases = (
				485FEB8F6653CEFC874B6431 /* [CP] Check Pods Manifest.lock */,
				F3279EA51F05DC88006E4F35 /* Sources */,
				F3279EA61F05DC88006E4F35 /* Frameworks */,
				F3279EA71F05DC88006E4F35 /* Resources */,
				FF7B0F14A4E1DD6D155177BF /* [CP] Embed Pods Frameworks */,
				ACDD54CD9DA9FAA251D2B275 /* [CP] Copy Pods Resources */,
			);
			buildRules = (
			);
			dependencies = (
			);
			name = BikeGarage;
			productName = BikeGarage;
			productReference = F3279EA91F05DC88006E4F35 /* BikeGarage.app */;
			productType = "com.apple.product-type.application";
		};
/* End PBXNativeTarget section */

/* Begin PBXProject section */
		F3279EA11F05DC88006E4F35 /* Project object */ = {
			isa = PBXProject;
			attributes = {
				LastSwiftUpdateCheck = 0820;
				LastUpgradeCheck = 0820;
				ORGANIZATIONNAME = "Taylor Redding";
				TargetAttributes = {
					F3279EA81F05DC88006E4F35 = {
						CreatedOnToolsVersion = 8.2.1;
						DevelopmentTeam = 3BP2VFF2LW;
						ProvisioningStyle = Automatic;
					};
				};
			};
			buildConfigurationList = F3279EA41F05DC88006E4F35 /* Build configuration list for PBXProject "BikeGarage" */;
			compatibilityVersion = "Xcode 3.2";
			developmentRegion = English;
			hasScannedForEncodings = 0;
			knownRegions = (
				en,
				Base,
			);
			mainGroup = F3279EA01F05DC88006E4F35;
			productRefGroup = F3279EAA1F05DC88006E4F35 /* Products */;
			projectDirPath = "";
			projectRoot = "";
			targets = (
				F3279EA81F05DC88006E4F35 /* BikeGarage */,
			);
		};
/* End PBXProject section */

/* Begin PBXResourcesBuildPhase section */
		F3279EA71F05DC88006E4F35 /* Resources */ = {
			isa = PBXResourcesBuildPhase;
			buildActionMask = 2147483647;
			files = (
				F3279EB71F05DC88006E4F35 /* LaunchScreen.storyboard in Resources */,
				F33662C51F17C8370007C898 /* Main.storyboard in Resources */,
				F3279EBF1F05DCD3006E4F35 /* GoogleService-Info.plist in Resources */,
				F3279EB41F05DC88006E4F35 /* Assets.xcassets in Resources */,
				F33BA8E81F0DB8FA0037D24A /* hamburgerIcon.png in Resources */,
			);
			runOnlyForDeploymentPostprocessing = 0;
		};
/* End PBXResourcesBuildPhase section */

/* Begin PBXShellScriptBuildPhase section */
		485FEB8F6653CEFC874B6431 /* [CP] Check Pods Manifest.lock */ = {
			isa = PBXShellScriptBuildPhase;
			buildActionMask = 2147483647;
			files = (
			);
			inputPaths = (
			);
			name = "[CP] Check Pods Manifest.lock";
			outputPaths = (
			);
			runOnlyForDeploymentPostprocessing = 0;
			shellPath = /bin/sh;
			shellScript = "diff \"${PODS_PODFILE_DIR_PATH}/Podfile.lock\" \"${PODS_ROOT}/Manifest.lock\" > /dev/null\nif [ $? != 0 ] ; then\n    # print error to STDERR\n    echo \"error: The sandbox is not in sync with the Podfile.lock. Run 'pod install' or update your CocoaPods installation.\" >&2\n    exit 1\nfi\n";
			showEnvVarsInLog = 0;
		};
		ACDD54CD9DA9FAA251D2B275 /* [CP] Copy Pods Resources */ = {
			isa = PBXShellScriptBuildPhase;
			buildActionMask = 2147483647;
			files = (
			);
			inputPaths = (
			);
			name = "[CP] Copy Pods Resources";
			outputPaths = (
			);
			runOnlyForDeploymentPostprocessing = 0;
			shellPath = /bin/sh;
			shellScript = "\"${SRCROOT}/Pods/Target Support Files/Pods-BikeGarage/Pods-BikeGarage-resources.sh\"\n";
			showEnvVarsInLog = 0;
		};
		FF7B0F14A4E1DD6D155177BF /* [CP] Embed Pods Frameworks */ = {
			isa = PBXShellScriptBuildPhase;
			buildActionMask = 2147483647;
			files = (
			);
			inputPaths = (
			);
			name = "[CP] Embed Pods Frameworks";
			outputPaths = (
			);
			runOnlyForDeploymentPostprocessing = 0;
			shellPath = /bin/sh;
			shellScript = "\"${SRCROOT}/Pods/Target Support Files/Pods-BikeGarage/Pods-BikeGarage-frameworks.sh\"\n";
			showEnvVarsInLog = 0;
		};
/* End PBXShellScriptBuildPhase section */

/* Begin PBXSourcesBuildPhase section */
		F3279EA51F05DC88006E4F35 /* Sources */ = {
			isa = PBXSourcesBuildPhase;
			buildActionMask = 2147483647;
			files = (
				F33BA8C11F06A5860037D24A /* HomeViewController.swift in Sources */,
				F33662CB1F1E60490007C898 /* MileageViewController.swift in Sources */,
				F33BA8BE1F069C8D0037D24A /* User.swift in Sources */,
				F33BA8BB1F069C030037D24A /* SignUpViewController.swift in Sources */,
				F33BA8C51F0730630037D24A /* MenuViewController.swift in Sources */,
				F3B279C71F1FABBD00B6F936 /* EditAccountViewController.swift in Sources */,
				F3279EAF1F05DC88006E4F35 /* LogInViewController.swift in Sources */,
				F33662C21F0DC3130007C898 /* BikeViewController.swift in Sources */,
				F3279EAD1F05DC88006E4F35 /* AppDelegate.swift in Sources */,
				F3B279C91F1FBFF600B6F936 /* ChangePasswordViewController.swift in Sources */,
				F33BA8C31F06A5B80037D24A /* CreateUserViewController.swift in Sources */,
				F33662C91F1E5D5D0007C898 /* AccountViewController.swift in Sources */,
			);
			runOnlyForDeploymentPostprocessing = 0;
		};
/* End PBXSourcesBuildPhase section */

/* Begin PBXVariantGroup section */
		F3279EB51F05DC88006E4F35 /* LaunchScreen.storyboard */ = {
			isa = PBXVariantGroup;
			children = (
				F3279EB61F05DC88006E4F35 /* Base */,
			);
			name = LaunchScreen.storyboard;
			sourceTree = "<group>";
		};
		F33662C31F17C8370007C898 /* Main.storyboard */ = {
			isa = PBXVariantGroup;
			children = (
				F33662C41F17C8370007C898 /* Base */,
			);
			name = Main.storyboard;
			sourceTree = "<group>";
		};
/* End PBXVariantGroup section */

/* Begin XCBuildConfiguration section */
		F3279EB91F05DC88006E4F35 /* Debug */ = {
			isa = XCBuildConfiguration;
			buildSettings = {
				ALWAYS_SEARCH_USER_PATHS = NO;
				CLANG_ANALYZER_NONNULL = YES;
				CLANG_CXX_LANGUAGE_STANDARD = "gnu++0x";
				CLANG_CXX_LIBRARY = "libc++";
				CLANG_ENABLE_MODULES = YES;
				CLANG_ENABLE_OBJC_ARC = YES;
				CLANG_WARN_BOOL_CONVERSION = YES;
				CLANG_WARN_CONSTANT_CONVERSION = YES;
				CLANG_WARN_DIRECT_OBJC_ISA_USAGE = YES_ERROR;
				CLANG_WARN_DOCUMENTATION_COMMENTS = YES;
				CLANG_WARN_EMPTY_BODY = YES;
				CLANG_WARN_ENUM_CONVERSION = YES;
				CLANG_WARN_INFINITE_RECURSION = YES;
				CLANG_WARN_INT_CONVERSION = YES;
				CLANG_WARN_OBJC_ROOT_CLASS = YES_ERROR;
				CLANG_WARN_SUSPICIOUS_MOVE = YES;
				CLANG_WARN_UNREACHABLE_CODE = YES;
				CLANG_WARN__DUPLICATE_METHOD_MATCH = YES;
				"CODE_SIGN_IDENTITY[sdk=iphoneos*]" = "iPhone Developer";
				COPY_PHASE_STRIP = NO;
				DEBUG_INFORMATION_FORMAT = dwarf;
				ENABLE_STRICT_OBJC_MSGSEND = YES;
				ENABLE_TESTABILITY = YES;
				GCC_C_LANGUAGE_STANDARD = gnu99;
				GCC_DYNAMIC_NO_PIC = NO;
				GCC_NO_COMMON_BLOCKS = YES;
				GCC_OPTIMIZATION_LEVEL = 0;
				GCC_PREPROCESSOR_DEFINITIONS = (
					"DEBUG=1",
					"$(inherited)",
				);
				GCC_WARN_64_TO_32_BIT_CONVERSION = YES;
				GCC_WARN_ABOUT_RETURN_TYPE = YES_ERROR;
				GCC_WARN_UNDECLARED_SELECTOR = YES;
				GCC_WARN_UNINITIALIZED_AUTOS = YES_AGGRESSIVE;
				GCC_WARN_UNUSED_FUNCTION = YES;
				GCC_WARN_UNUSED_VARIABLE = YES;
				IPHONEOS_DEPLOYMENT_TARGET = 10.2;
				MTL_ENABLE_DEBUG_INFO = YES;
				ONLY_ACTIVE_ARCH = YES;
				SDKROOT = iphoneos;
				SWIFT_ACTIVE_COMPILATION_CONDITIONS = DEBUG;
				SWIFT_OPTIMIZATION_LEVEL = "-Onone";
				TARGETED_DEVICE_FAMILY = "1,2";
			};
			name = Debug;
		};
		F3279EBA1F05DC88006E4F35 /* Release */ = {
			isa = XCBuildConfiguration;
			buildSettings = {
				ALWAYS_SEARCH_USER_PATHS = NO;
				CLANG_ANALYZER_NONNULL = YES;
				CLANG_CXX_LANGUAGE_STANDARD = "gnu++0x";
				CLANG_CXX_LIBRARY = "libc++";
				CLANG_ENABLE_MODULES = YES;
				CLANG_ENABLE_OBJC_ARC = YES;
				CLANG_WARN_BOOL_CONVERSION = YES;
				CLANG_WARN_CONSTANT_CONVERSION = YES;
				CLANG_WARN_DIRECT_OBJC_ISA_USAGE = YES_ERROR;
				CLANG_WARN_DOCUMENTATION_COMMENTS = YES;
				CLANG_WARN_EMPTY_BODY = YES;
				CLANG_WARN_ENUM_CONVERSION = YES;
				CLANG_WARN_INFINITE_RECURSION = YES;
				CLANG_WARN_INT_CONVERSION = YES;
				CLANG_WARN_OBJC_ROOT_CLASS = YES_ERROR;
				CLANG_WARN_SUSPICIOUS_MOVE = YES;
				CLANG_WARN_UNREACHABLE_CODE = YES;
				CLANG_WARN__DUPLICATE_METHOD_MATCH = YES;
				"CODE_SIGN_IDENTITY[sdk=iphoneos*]" = "iPhone Developer";
				COPY_PHASE_STRIP = NO;
				DEBUG_INFORMATION_FORMAT = "dwarf-with-dsym";
				ENABLE_NS_ASSERTIONS = NO;
				ENABLE_STRICT_OBJC_MSGSEND = YES;
				GCC_C_LANGUAGE_STANDARD = gnu99;
				GCC_NO_COMMON_BLOCKS = YES;
				GCC_WARN_64_TO_32_BIT_CONVERSION = YES;
				GCC_WARN_ABOUT_RETURN_TYPE = YES_ERROR;
				GCC_WARN_UNDECLARED_SELECTOR = YES;
				GCC_WARN_UNINITIALIZED_AUTOS = YES_AGGRESSIVE;
				GCC_WARN_UNUSED_FUNCTION = YES;
				GCC_WARN_UNUSED_VARIABLE = YES;
				IPHONEOS_DEPLOYMENT_TARGET = 10.2;
				MTL_ENABLE_DEBUG_INFO = NO;
				SDKROOT = iphoneos;
				SWIFT_OPTIMIZATION_LEVEL = "-Owholemodule";
				TARGETED_DEVICE_FAMILY = "1,2";
				VALIDATE_PRODUCT = YES;
			};
			name = Release;
		};
		F3279EBC1F05DC88006E4F35 /* Debug */ = {
			isa = XCBuildConfiguration;
			baseConfigurationReference = ECF87E41FCF4D43B5D1A7A81 /* Pods-BikeGarage.debug.xcconfig */;
			buildSettings = {
				ASSETCATALOG_COMPILER_APPICON_NAME = AppIcon;
				DEVELOPMENT_TEAM = 3BP2VFF2LW;
				INFOPLIST_FILE = BikeGarage/Info.plist;
				LD_RUNPATH_SEARCH_PATHS = "$(inherited) @executable_path/Frameworks";
				PRODUCT_BUNDLE_IDENTIFIER = tredding.BikeGarage;
				PRODUCT_NAME = "$(TARGET_NAME)";
				SWIFT_VERSION = 3.0;
			};
			name = Debug;
		};
		F3279EBD1F05DC88006E4F35 /* Release */ = {
			isa = XCBuildConfiguration;
			baseConfigurationReference = BD4C1BED26EAE35DFD485E3E /* Pods-BikeGarage.release.xcconfig */;
			buildSettings = {
				ASSETCATALOG_COMPILER_APPICON_NAME = AppIcon;
				DEVELOPMENT_TEAM = 3BP2VFF2LW;
				INFOPLIST_FILE = BikeGarage/Info.plist;
				LD_RUNPATH_SEARCH_PATHS = "$(inherited) @executable_path/Frameworks";
				PRODUCT_BUNDLE_IDENTIFIER = tredding.BikeGarage;
				PRODUCT_NAME = "$(TARGET_NAME)";
				SWIFT_VERSION = 3.0;
			};
			name = Release;
		};
/* End XCBuildConfiguration section */

/* Begin XCConfigurationList section */
		F3279EA41F05DC88006E4F35 /* Build configuration list for PBXProject "BikeGarage" */ = {
			isa = XCConfigurationList;
			buildConfigurations = (
				F3279EB91F05DC88006E4F35 /* Debug */,
				F3279EBA1F05DC88006E4F35 /* Release */,
			);
			defaultConfigurationIsVisible = 0;
			defaultConfigurationName = Release;
		};
		F3279EBB1F05DC88006E4F35 /* Build configuration list for PBXNativeTarget "BikeGarage" */ = {
			isa = XCConfigurationList;
			buildConfigurations = (
				F3279EBC1F05DC88006E4F35 /* Debug */,
				F3279EBD1F05DC88006E4F35 /* Release */,
			);
			defaultConfigurationIsVisible = 0;
			defaultConfigurationName = Release;
		};
/* End XCConfigurationList section */
	};
	rootObject = F3279EA11F05DC88006E4F35 /* Project object */;
}
